
Microsoft Visual Studio Solution File, Format Version 12.00
# Visual Studio Version 16
VisualStudioVersion = 16.0.28729.10
MinimumVisualStudioVersion = 10.0.40219.1
Project("{FAE04EC0-301F-11D3-BF4B-00C04F79EFBC}") = "SolucionEnvio", "SolucionEnvio\SolucionEnvio.csproj", "{B3A3F6F7-699F-4374-B3C5-1248EDCCA543}"
EndProject
Global
	GlobalSection(SolutionConfigurationPlatforms) = preSolution
		Debug|Any CPU = Debug|Any CPU
		Release|Any CPU = Release|Any CPU
	EndGlobalSection
	GlobalSection(ProjectConfigurationPlatforms) = postSolution
		{B3A3F6F7-699F-4374-B3C5-1248EDCCA543}.Debug|Any CPU.ActiveCfg = Debug|Any CPU
		{B3A3F6F7-699F-4374-B3C5-1248EDCCA543}.Debug|Any CPU.Build.0 = Debug|Any CPU
		{B3A3F6F7-699F-4374-B3C5-1248EDCCA543}.Release|Any CPU.ActiveCfg = Release|Any CPU
		{B3A3F6F7-699F-4374-B3C5-1248EDCCA543}.Release|Any CPU.Build.0 = Release|Any CPU
	EndGlobalSection
	GlobalSection(SolutionProperties) = preSolution
		HideSolutionNode = FALSE
	EndGlobalSection
	GlobalSection(ExtensibilityGlobals) = postSolution
		SolutionGuid = {EF1C1128-2B28-4A3D-A7F2-FA5B6BB2C593}
	EndGlobalSection
EndGlobal
